# THIS IS AN AUTOGENERATED FILE. DO NOT EDIT THIS FILE DIRECTLY.
# yarn lockfile v1


react-use-websocket@^2.9.1:
  version "2.9.1"
  resolved "https://registry.yarnpkg.com/react-use-websocket/-/react-use-websocket-2.9.1.tgz#ef4a73a618b24f2a5875829ac0a0a0573c524710"
  integrity sha512-jV6OxXuxWi6BiPVlbAJd/uWNaoQwkeGARFO9f6HidJeWUatB4J2UopbxI/fduiGpcpHGhRAmpLdfVjeRzrcTnQ==
